{
  "pins" : [
    {
      "identity" : "appauth-ios",
      "kind" : "remoteSourceControl",
      "location" : "https://github.com/openid/AppAuth-iOS.git",
      "state" : {
        "revision" : "3d36a58a2b736f7bc499453e996a704929b25080",
        "version" : "1.6.0"
      }
    },
    {
      "identity" : "google-api-objectivec-client-for-rest",
      "kind" : "remoteSourceControl",
      "location" : "https://github.com/google/google-api-objectivec-client-for-rest.git",
      "state" : {
        "revision" : "260501c0425e95e038c65436436161266bf548e9",
        "version" : "3.0.0"
      }
    },
    {
      "identity" : "googlesignin-ios",
      "kind" : "remoteSourceControl",
      "location" : "https://github.com/google/GoogleSignIn-iOS.git",
      "state" : {
        "revision" : "7932d33686c1dc4d7df7a919aae47361d1cdfda4",
        "version" : "7.0.0"
      }
    },
    {
      "identity" : "gtm-session-fetcher",
      "kind" : "remoteSourceControl",
      "location" : "https://github.com/google/gtm-session-fetcher.git",
      "state" : {
        "revision" : "96d7cc73a71ce950723aa3c50ce4fb275ae180b8",
        "version" : "3.1.0"
      }
    },
    {
      "identity" : "gtmappauth",
      "kind" : "remoteSourceControl",
      "location" : "https://github.com/google/GTMAppAuth.git",
      "state" : {
        "revision" : "cee3c709307912d040bd1e06ca919875a92339c6",
        "version" : "2.0.0"
      }
    },
    {
      "identity" : "harmony",
      "kind" : "remoteSourceControl",
      "location" : "https://github.com/JoeMatt/Harmony.git",
      "state" : {
        "revision" : "7b19f6ac602f57165446d5e0ca5701cc355e8f4e",
        "version" : "1.2.4"
      }
    },
    {
      "identity" : "roxas",
      "kind" : "remoteSourceControl",
      "location" : "https://github.com/JoeMatt/Roxas.git",
      "state" : {
        "revision" : "f42626c3b6ac433481a546cb0b6733b90e40991b",
        "version" : "1.2.0"
      }
    }
  ],
  "version" : 2
}
